// !$*UTF8*$!
{
	archiveVersion = 1;
	classes = {
	};
	objectVersion = 46;
	objects = {

/* Begin PBXBuildFile section */
		8262D2BA1C582D6F00E18826 /* AppDelegate.swift in Sources */ = {isa = PBXBuildFile; fileRef = 8262D2B91C582D6F00E18826 /* AppDelegate.swift */; };
		8262D2BD1C582D6F00E18826 /* BusquedaLibros.xcdatamodeld in Sources */ = {isa = PBXBuildFile; fileRef = 8262D2BB1C582D6F00E18826 /* BusquedaLibros.xcdatamodeld */; };
		8262D2BF1C582D6F00E18826 /* MasterViewController.swift in Sources */ = {isa = PBXBuildFile; fileRef = 8262D2BE1C582D6F00E18826 /* MasterViewController.swift */; };
		8262D2C11C582D6F00E18826 /* DetailViewController.swift in Sources */ = {isa = PBXBuildFile; fileRef = 8262D2C01C582D6F00E18826 /* DetailViewController.swift */; };
		8262D2C41C582D6F00E18826 /* Main.storyboard in Resources */ = {isa = PBXBuildFile; fileRef = 8262D2C21C582D6F00E18826 /* Main.storyboard */; };
		8262D2C61C582D6F00E18826 /* Assets.xcassets in Resources */ = {isa = PBXBuildFile; fileRef = 8262D2C51C582D6F00E18826 /* Assets.xcassets */; };
		8262D2C91C582D6F00E18826 /* LaunchScreen.storyboard in Resources */ = {isa = PBXBuildFile; fileRef = 8262D2C71C582D6F00E18826 /* LaunchScreen.storyboard */; };
/* End PBXBuildFile section */

/* Begin PBXFileReference section */
		8262D2B61C582D6F00E18826 /* BusquedaLibros.app */ = {isa = PBXFileReference; explicitFileType = wrapper.application; includeInIndex = 0; path = BusquedaLibros.app; sourceTree = BUILT_PRODUCTS_DIR; };
		8262D2B91C582D6F00E18826 /* AppDelegate.swift */ = {isa = PBXFileReference; lastKnownFileType = sourcecode.swift; path = AppDelegate.swift; sourceTree = "<group>"; };
		8262D2BC1C582D6F00E18826 /* BusquedaLibros.xcdatamodel */ = {isa = PBXFileReference; lastKnownFileType = wrapper.xcdatamodel; path = BusquedaLibros.xcdatamodel; sourceTree = "<group>"; };
		8262D2BE1C582D6F00E18826 /* MasterViewController.swift */ = {isa = PBXFileReference; lastKnownFileType = sourcecode.swift; path = MasterViewController.swift; sourceTree = "<group>"; };
		8262D2C01C582D6F00E18826 /* DetailViewController.swift */ = {isa = PBXFileReference; lastKnownFileType = sourcecode.swift; path = DetailViewController.swift; sourceTree = "<group>"; };
		8262D2C31C582D6F00E18826 /* Base */ = {isa = PBXFileReference; lastKnownFileType = file.storyboard; name = Base; path = Base.lproj/Main.storyboard; sourceTree = "<group>"; };
		8262D2C51C582D6F00E18826 /* Assets.xcassets */ = {isa = PBXFileReference; lastKnownFileType = folder.assetcatalog; path = Assets.xcassets; sourceTree = "<group>"; };
		8262D2C81C582D6F00E18826 /* Base */ = {isa = PBXFileReference; lastKnownFileType = file.storyboard; name = Base; path = Base.lproj/LaunchScreen.storyboard; sourceTree = "<group>"; };
		8262D2CA1C582D6F00E18826 /* Info.plist */ = {isa = PBXFileReference; lastKnownFileType = text.plist.xml; path = Info.plist; sourceTree = "<group>"; };
/* End PBXFileReference section */

/* Begin PBXFrameworksBuildPhase section */
		8262D2B31C582D6F00E18826 /* Frameworks */ = {
			isa = PBXFrameworksBuildPhase;
			buildActionMask = 2147483647;
			files = (
			);
			runOnlyForDeploymentPostprocessing = 0;
		};
/* End PBXFrameworksBuildPhase section */

/* Begin PBXGroup section */
		8262D2AD1C582D6E00E18826 = {
			isa = PBXGroup;
			children = (
				8262D2B81C582D6F00E18826 /* BusquedaLibros */,
				8262D2B71C582D6F00E18826 /* Products */,
			);
			sourceTree = "<group>";
		};
		8262D2B71C582D6F00E18826 /* Products */ = {
			isa = PBXGroup;
			children = (
				8262D2B61C582D6F00E18826 /* BusquedaLibros.app */,
			);
			name = Products;
			sourceTree = "<group>";
		};
		8262D2B81C582D6F00E18826 /* BusquedaLibros */ = {
			isa = PBXGroup;
			children = (
				8262D2B91C582D6F00E18826 /* AppDelegate.swift */,
				8262D2BE1C582D6F00E18826 /* MasterViewController.swift */,
				8262D2C01C582D6F00E18826 /* DetailViewController.swift */,
				8262D2C21C582D6F00E18826 /* Main.storyboard */,
				8262D2C51C582D6F00E18826 /* Assets.xcassets */,
				8262D2C71C582D6F00E18826 /* LaunchScreen.storyboard */,
				8262D2CA1C582D6F00E18826 /* Info.plist */,
				8262D2BB1C582D6F00E18826 /* BusquedaLibros.xcdatamodeld */,
			);
			path = BusquedaLibros;
			sourceTree = "<group>";
		};
/* End PBXGroup section */

/* Begin PBXNativeTarget section */
		8262D2B51C582D6F00E18826 /* BusquedaLibros */ = {
			isa = PBXNativeTarget;
			buildConfigurationList = 8262D2CD1C582D6F00E18826 /* Build configuration list for PBXNativeTarget "BusquedaLibros" */;
			buildPhases = (
				8262D2B21C582D6F00E18826 /* Sources */,
				8262D2B31C582D6F00E18826 /* Frameworks */,
				8262D2B41C582D6F00E18826 /* Resources */,
			);
			buildRules = (
			);
			dependencies = (
			);
			name = BusquedaLibros;
			productName = BusquedaLibros;
			productReference = 8262D2B61C582D6F00E18826 /* BusquedaLibros.app */;
			productType = "com.apple.product-type.application";
		};
/* End PBXNativeTarget section */

/* Begin PBXProject section */
		8262D2AE1C582D6E00E18826 /* Project object */ = {
			isa = PBXProject;
			attributes = {
				LastSwiftUpdateCheck = 0720;
				LastUpgradeCheck = 0720;
				ORGANIZATIONNAME = jromeradev;
				TargetAttributes = {
					8262D2B51C582D6F00E18826 = {
						CreatedOnToolsVersion = 7.2;
					};
				};
			};
			buildConfigurationList = 8262D2B11C582D6E00E18826 /* Build configuration list for PBXProject "BusquedaLibros" */;
			compatibilityVersion = "Xcode 3.2";
			developmentRegion = English;
			hasScannedForEncodings = 0;
			knownRegions = (
				en,
				Base,
			);
			mainGroup = 8262D2AD1C582D6E00E18826;
			productRefGroup = 8262D2B71C582D6F00E18826 /* Products */;
			projectDirPath = "";
			projectRoot = "";
			targets = (
				8262D2B51C582D6F00E18826 /* BusquedaLibros */,
			);
		};
/* End PBXProject section */

/* Begin PBXResourcesBuildPhase section */
		8262D2B41C582D6F00E18826 /* Resources */ = {
			isa = PBXResourcesBuildPhase;
			buildActionMask = 2147483647;
			files = (
				8262D2C91C582D6F00E18826 /* LaunchScreen.storyboard in Resources */,
				8262D2C61C582D6F00E18826 /* Assets.xcassets in Resources */,
				8262D2C41C582D6F00E18826 /* Main.storyboard in Resources */,
			);
			runOnlyForDeploymentPostprocessing = 0;
		};
/* End PBXResourcesBuildPhase section */

/* Begin PBXSourcesBuildPhase section */
		8262D2B21C582D6F00E18826 /* Sources */ = {
			isa = PBXSourcesBuildPhase;
			buildActionMask = 2147483647;
			files = (
				8262D2BD1C582D6F00E18826 /* BusquedaLibros.xcdatamodeld in Sources */,
				8262D2BA1C582D6F00E18826 /* AppDelegate.swift in Sources */,
				8262D2BF1C582D6F00E18826 /* MasterViewController.swift in Sources */,
				8262D2C11C582D6F00E18826 /* DetailViewController.swift in Sources */,
			);
			runOnlyForDeploymentPostprocessing = 0;
		};
/* End PBXSourcesBuildPhase section */

/* Begin PBXVariantGroup section */
		8262D2C21C582D6F00E18826 /* Main.storyboard */ = {
			isa = PBXVariantGroup;
			children = (
				8262D2C31C582D6F00E18826 /* Base */,
			);
			name = Main.storyboard;
			sourceTree = "<group>";
		};
		8262D2C71C582D6F00E18826 /* LaunchScreen.storyboard */ = {
			isa = PBXVariantGroup;
			children = (
				8262D2C81C582D6F00E18826 /* Base */,
			);
			name = LaunchScreen.storyboard;
			sourceTree = "<group>";
		};
/* End PBXVariantGroup section */

/* Begin XCBuildConfiguration section */
		8262D2CB1C582D6F00E18826 /* Debug */ = {
			isa = XCBuildConfiguration;
			buildSettings = {
				ALWAYS_SEARCH_USER_PATHS = NO;
				CLANG_CXX_LANGUAGE_STANDARD = "gnu++0x";
				CLANG_CXX_LIBRARY = "libc++";
				CLANG_ENABLE_MODULES = YES;
				CLANG_ENABLE_OBJC_ARC = YES;
				CLANG_WARN_BOOL_CONVERSION = YES;
				CLANG_WARN_CONSTANT_CONVERSION = YES;
				CLANG_WARN_DIRECT_OBJC_ISA_USAGE = YES_ERROR;
				CLANG_WARN_EMPTY_BODY = YES;
				CLANG_WARN_ENUM_CONVERSION = YES;
				CLANG_WARN_INT_CONVERSION = YES;
				CLANG_WARN_OBJC_ROOT_CLASS = YES_ERROR;
				CLANG_WARN_UNREACHABLE_CODE = YES;
				CLANG_WARN__DUPLICATE_METHOD_MATCH = YES;
				"CODE_SIGN_IDENTITY[sdk=iphoneos*]" = "iPhone Developer";
				COPY_PHASE_STRIP = NO;
				DEBUG_INFORMATION_FORMAT = dwarf;
				ENABLE_STRICT_OBJC_MSGSEND = YES;
				ENABLE_TESTABILITY = YES;
				GCC_C_LANGUAGE_STANDARD = gnu99;
				GCC_DYNAMIC_NO_PIC = NO;
				GCC_NO_COMMON_BLOCKS = YES;
				GCC_OPTIMIZATION_LEVEL = 0;
				GCC_PREPROCESSOR_DEFINITIONS = (
					"DEBUG=1",
					"$(inherited)",
				);
				GCC_WARN_64_TO_32_BIT_CONVERSION = YES;
				GCC_WARN_ABOUT_RETURN_TYPE = YES_ERROR;
				GCC_WARN_UNDECLARED_SELECTOR = YES;
				GCC_WARN_UNINITIALIZED_AUTOS = YES_AGGRESSIVE;
				GCC_WARN_UNUSED_FUNCTION = YES;
				GCC_WARN_UNUSED_VARIABLE = YES;
				IPHONEOS_DEPLOYMENT_TARGET = 9.2;
				MTL_ENABLE_DEBUG_INFO = YES;
				ONLY_ACTIVE_ARCH = YES;
				SDKROOT = iphoneos;
				SWIFT_OPTIMIZATION_LEVEL = "-Onone";
			};
			name = Debug;
		};
		8262D2CC1C582D6F00E18826 /* Release */ = {
			isa = XCBuildConfiguration;
			buildSettings = {
				ALWAYS_SEARCH_USER_PATHS = NO;
				CLANG_CXX_LANGUAGE_STANDARD = "gnu++0x";
				CLANG_CXX_LIBRARY = "libc++";
				CLANG_ENABLE_MODULES = YES;
				CLANG_ENABLE_OBJC_ARC = YES;
				CLANG_WARN_BOOL_CONVERSION = YES;
				CLANG_WARN_CONSTANT_CONVERSION = YES;
				CLANG_WARN_DIRECT_OBJC_ISA_USAGE = YES_ERROR;
				CLANG_WARN_EMPTY_BODY = YES;
				CLANG_WARN_ENUM_CONVERSION = YES;
				CLANG_WARN_INT_CONVERSION = YES;
				CLANG_WARN_OBJC_ROOT_CLASS = YES_ERROR;
				CLANG_WARN_UNREACHABLE_CODE = YES;
				CLANG_WARN__DUPLICATE_METHOD_MATCH = YES;
				"CODE_SIGN_IDENTITY[sdk=iphoneos*]" = "iPhone Developer";
				COPY_PHASE_STRIP = NO;
				DEBUG_INFORMATION_FORMAT = "dwarf-with-dsym";
				ENABLE_NS_ASSERTIONS = NO;
				ENABLE_STRICT_OBJC_MSGSEND = YES;
				GCC_C_LANGUAGE_STANDARD = gnu99;
				GCC_NO_COMMON_BLOCKS = YES;
				GCC_WARN_64_TO_32_BIT_CONVERSION = YES;
				GCC_WARN_ABOUT_RETURN_TYPE = YES_ERROR;
				GCC_WARN_UNDECLARED_SELECTOR = YES;
				GCC_WARN_UNINITIALIZED_AUTOS = YES_AGGRESSIVE;
				GCC_WARN_UNUSED_FUNCTION = YES;
				GCC_WARN_UNUSED_VARIABLE = YES;
				IPHONEOS_DEPLOYMENT_TARGET = 9.2;
				MTL_ENABLE_DEBUG_INFO = NO;
				SDKROOT = iphoneos;
				VALIDATE_PRODUCT = YES;
			};
			name = Release;
		};
		8262D2CE1C582D6F00E18826 /* Debug */ = {
			isa = XCBuildConfiguration;
			buildSettings = {
				ASSETCATALOG_COMPILER_APPICON_NAME = AppIcon;
				INFOPLIST_FILE = BusquedaLibros/Info.plist;
				LD_RUNPATH_SEARCH_PATHS = "$(inherited) @executable_path/Frameworks";
				PRODUCT_BUNDLE_IDENTIFIER = es.jromeradev.BusquedaLibros;
				PRODUCT_NAME = "$(TARGET_NAME)";
			};
			name = Debug;
		};
		8262D2CF1C582D6F00E18826 /* Release */ = {
			isa = XCBuildConfiguration;
			buildSettings = {
				ASSETCATALOG_COMPILER_APPICON_NAME = AppIcon;
				INFOPLIST_FILE = BusquedaLibros/Info.plist;
				LD_RUNPATH_SEARCH_PATHS = "$(inherited) @executable_path/Frameworks";
				PRODUCT_BUNDLE_IDENTIFIER = es.jromeradev.BusquedaLibros;
				PRODUCT_NAME = "$(TARGET_NAME)";
			};
			name = Release;
		};
/* End XCBuildConfiguration section */

/* Begin XCConfigurationList section */
		8262D2B11C582D6E00E18826 /* Build configuration list for PBXProject "BusquedaLibros" */ = {
			isa = XCConfigurationList;
			buildConfigurations = (
				8262D2CB1C582D6F00E18826 /* Debug */,
				8262D2CC1C582D6F00E18826 /* Release */,
			);
			defaultConfigurationIsVisible = 0;
			defaultConfigurationName = Release;
		};
		8262D2CD1C582D6F00E18826 /* Build configuration list for PBXNativeTarget "BusquedaLibros" */ = {
			isa = XCConfigurationList;
			buildConfigurations = (
				8262D2CE1C582D6F00E18826 /* Debug */,
				8262D2CF1C582D6F00E18826 /* Release */,
			);
			defaultConfigurationIsVisible = 0;
		};
/* End XCConfigurationList section */

/* Begin XCVersionGroup section */
		8262D2BB1C582D6F00E18826 /* BusquedaLibros.xcdatamodeld */ = {
			isa = XCVersionGroup;
			children = (
				8262D2BC1C582D6F00E18826 /* BusquedaLibros.xcdatamodel */,
			);
			currentVersion = 8262D2BC1C582D6F00E18826 /* BusquedaLibros.xcdatamodel */;
			path = BusquedaLibros.xcdatamodeld;
			sourceTree = "<group>";
			versionGroupType = wrapper.xcdatamodel;
		};
/* End XCVersionGroup section */
	};
	rootObject = 8262D2AE1C582D6E00E18826 /* Project object */;
}
